
Microsoft Visual Studio Solution File, Format Version 12.00
# Visual Studio 14
VisualStudioVersion = 14.0.24720.0
MinimumVisualStudioVersion = 10.0.40219.1
Project("{FAE04EC0-301F-11D3-BF4B-00C04F79EFBC}") = "LogoFX.Client.Testing.NUnit.Caliburn.Micro.Platform.NET45", "LogoFX.Client.Testing.NUnit.Caliburn.Micro.Platform\net45\LogoFX.Client.Testing.NUnit.Caliburn.Micro.Platform.NET45.csproj", "{2654D9AE-6ABD-4872-AD6D-C3A89543A8EE}"
EndProject
Global
	GlobalSection(SolutionConfigurationPlatforms) = preSolution
		Debug|Any CPU = Debug|Any CPU
		Debug|ARM = Debug|ARM
		Debug|x64 = Debug|x64
		Debug|x86 = Debug|x86
		Release|Any CPU = Release|Any CPU
		Release|ARM = Release|ARM
		Release|x64 = Release|x64
		Release|x86 = Release|x86
	EndGlobalSection
	GlobalSection(ProjectConfigurationPlatforms) = postSolution
		{2654D9AE-6ABD-4872-AD6D-C3A89543A8EE}.Debug|Any CPU.ActiveCfg = Debug|Any CPU
		{2654D9AE-6ABD-4872-AD6D-C3A89543A8EE}.Debug|Any CPU.Build.0 = Debug|Any CPU
		{2654D9AE-6ABD-4872-AD6D-C3A89543A8EE}.Debug|ARM.ActiveCfg = Debug|Any CPU
		{2654D9AE-6ABD-4872-AD6D-C3A89543A8EE}.Debug|ARM.Build.0 = Debug|Any CPU
		{2654D9AE-6ABD-4872-AD6D-C3A89543A8EE}.Debug|x64.ActiveCfg = Debug|Any CPU
		{2654D9AE-6ABD-4872-AD6D-C3A89543A8EE}.Debug|x64.Build.0 = Debug|Any CPU
		{2654D9AE-6ABD-4872-AD6D-C3A89543A8EE}.Debug|x86.ActiveCfg = Debug|Any CPU
		{2654D9AE-6ABD-4872-AD6D-C3A89543A8EE}.Debug|x86.Build.0 = Debug|Any CPU
		{2654D9AE-6ABD-4872-AD6D-C3A89543A8EE}.Release|Any CPU.ActiveCfg = Release|Any CPU
		{2654D9AE-6ABD-4872-AD6D-C3A89543A8EE}.Release|Any CPU.Build.0 = Release|Any CPU
		{2654D9AE-6ABD-4872-AD6D-C3A89543A8EE}.Release|ARM.ActiveCfg = Release|Any CPU
		{2654D9AE-6ABD-4872-AD6D-C3A89543A8EE}.Release|ARM.Build.0 = Release|Any CPU
		{2654D9AE-6ABD-4872-AD6D-C3A89543A8EE}.Release|x64.ActiveCfg = Release|Any CPU
		{2654D9AE-6ABD-4872-AD6D-C3A89543A8EE}.Release|x64.Build.0 = Release|Any CPU
		{2654D9AE-6ABD-4872-AD6D-C3A89543A8EE}.Release|x86.ActiveCfg = Release|Any CPU
		{2654D9AE-6ABD-4872-AD6D-C3A89543A8EE}.Release|x86.Build.0 = Release|Any CPU
	EndGlobalSection
	GlobalSection(SolutionProperties) = preSolution
		HideSolutionNode = FALSE
	EndGlobalSection
EndGlobal
